
Microsoft Visual Studio Solution File, Format Version 12.00
# Visual Studio Version 16
VisualStudioVersion = 16.0.29306.81
MinimumVisualStudioVersion = 10.0.40219.1
Project("{2150E333-8FDC-42A3-9474-1A3956D46DE8}") = "Application", "Application", "{92FEC80C-0BE2-4693-8D8E-89078E2B36B3}"
EndProject
Project("{2150E333-8FDC-42A3-9474-1A3956D46DE8}") = "Domain", "Domain", "{B2199D95-BD94-4055-9762-2FF31489B55B}"
EndProject
Project("{2150E333-8FDC-42A3-9474-1A3956D46DE8}") = "Infra.IoC", "Infra.IoC", "{371C2476-9045-4F7E-AE4C-F6B5AC641428}"
EndProject
Project("{2150E333-8FDC-42A3-9474-1A3956D46DE8}") = "Infra.Data", "Infra.Data", "{CFAD1F62-3BC5-4A6C-B92D-5F9C081BDFC6}"
EndProject
Project("{2150E333-8FDC-42A3-9474-1A3956D46DE8}") = "Presentation", "Presentation", "{3C1B8115-1A87-46EA-90F6-A3653C384BCE}"
EndProject
Project("{9A19103F-16F7-4668-BE54-9A1E7A4F7556}") = "CleanArch.MVC", "CleanArch.MVC\CleanArch.MVC.csproj", "{A2D7CBF0-DA1B-42EF-A847-C992AF02AA9A}"
EndProject
Project("{FAE04EC0-301F-11D3-BF4B-00C04F79EFBC}") = "CleanArch.Domain", "CleanArch.Domain\CleanArch.Domain.csproj", "{76A5D613-771D-4AB2-94C6-F130C9D7B30E}"
EndProject
Global
	GlobalSection(SolutionConfigurationPlatforms) = preSolution
		Debug|Any CPU = Debug|Any CPU
		Release|Any CPU = Release|Any CPU
	EndGlobalSection
	GlobalSection(ProjectConfigurationPlatforms) = postSolution
		{A2D7CBF0-DA1B-42EF-A847-C992AF02AA9A}.Debug|Any CPU.ActiveCfg = Debug|Any CPU
		{A2D7CBF0-DA1B-42EF-A847-C992AF02AA9A}.Debug|Any CPU.Build.0 = Debug|Any CPU
		{A2D7CBF0-DA1B-42EF-A847-C992AF02AA9A}.Release|Any CPU.ActiveCfg = Release|Any CPU
		{A2D7CBF0-DA1B-42EF-A847-C992AF02AA9A}.Release|Any CPU.Build.0 = Release|Any CPU
		{76A5D613-771D-4AB2-94C6-F130C9D7B30E}.Debug|Any CPU.ActiveCfg = Debug|Any CPU
		{76A5D613-771D-4AB2-94C6-F130C9D7B30E}.Debug|Any CPU.Build.0 = Debug|Any CPU
		{76A5D613-771D-4AB2-94C6-F130C9D7B30E}.Release|Any CPU.ActiveCfg = Release|Any CPU
		{76A5D613-771D-4AB2-94C6-F130C9D7B30E}.Release|Any CPU.Build.0 = Release|Any CPU
	EndGlobalSection
	GlobalSection(SolutionProperties) = preSolution
		HideSolutionNode = FALSE
	EndGlobalSection
	GlobalSection(NestedProjects) = preSolution
		{A2D7CBF0-DA1B-42EF-A847-C992AF02AA9A} = {3C1B8115-1A87-46EA-90F6-A3653C384BCE}
		{76A5D613-771D-4AB2-94C6-F130C9D7B30E} = {B2199D95-BD94-4055-9762-2FF31489B55B}
	EndGlobalSection
	GlobalSection(ExtensibilityGlobals) = postSolution
		SolutionGuid = {21FD0CCA-FF44-4D85-95BA-F94E68E366D8}
	EndGlobalSection
EndGlobal
